
Microsoft Visual Studio Solution File, Format Version 12.00
# Visual Studio Version 17
VisualStudioVersion = 17.10.35122.118
MinimumVisualStudioVersion = 10.0.40219.1
Project("{FAE04EC0-301F-11D3-BF4B-00C04F79EFBC}") = "DesignPattern", "DesignPattern\DesignPattern.csproj", "{46F70A25-4BE1-4532-B1DC-CB46D738B04F}"
EndProject
Global
	GlobalSection(SolutionConfigurationPlatforms) = preSolution
		Debug|Any CPU = Debug|Any CPU
		Release|Any CPU = Release|Any CPU
	EndGlobalSection
	GlobalSection(ProjectConfigurationPlatforms) = postSolution
		{46F70A25-4BE1-4532-B1DC-CB46D738B04F}.Debug|Any CPU.ActiveCfg = Debug|Any CPU
		{46F70A25-4BE1-4532-B1DC-CB46D738B04F}.Debug|Any CPU.Build.0 = Debug|Any CPU
		{46F70A25-4BE1-4532-B1DC-CB46D738B04F}.Release|Any CPU.ActiveCfg = Release|Any CPU
		{46F70A25-4BE1-4532-B1DC-CB46D738B04F}.Release|Any CPU.Build.0 = Release|Any CPU
	EndGlobalSection
	GlobalSection(SolutionProperties) = preSolution
		HideSolutionNode = FALSE
	EndGlobalSection
	GlobalSection(ExtensibilityGlobals) = postSolution
		SolutionGuid = {82406866-87A0-4DA0-8132-07A64C0A0C8B}
	EndGlobalSection
EndGlobal
